
Microsoft Visual Studio Solution File, Format Version 12.00
# Visual Studio Version 17
VisualStudioVersion = 17.11.35222.181
MinimumVisualStudioVersion = 10.0.40219.1
Project("{FAE04EC0-301F-11D3-BF4B-00C04F79EFBC}") = "Revision", "Revision\Revision.csproj", "{2CE61B76-EEA5-4573-84EA-434D0A6875CD}"
EndProject
Project("{FAE04EC0-301F-11D3-BF4B-00C04F79EFBC}") = "Models", "Models\Models.csproj", "{003DC556-D1A2-45B8-994A-47C8AFF7B828}"
EndProject
Global
	GlobalSection(SolutionConfigurationPlatforms) = preSolution
		Debug|Any CPU = Debug|Any CPU
		Release|Any CPU = Release|Any CPU
	EndGlobalSection
	GlobalSection(ProjectConfigurationPlatforms) = postSolution
		{2CE61B76-EEA5-4573-84EA-434D0A6875CD}.Debug|Any CPU.ActiveCfg = Debug|Any CPU
		{2CE61B76-EEA5-4573-84EA-434D0A6875CD}.Debug|Any CPU.Build.0 = Debug|Any CPU
		{2CE61B76-EEA5-4573-84EA-434D0A6875CD}.Release|Any CPU.ActiveCfg = Release|Any CPU
		{2CE61B76-EEA5-4573-84EA-434D0A6875CD}.Release|Any CPU.Build.0 = Release|Any CPU
		{003DC556-D1A2-45B8-994A-47C8AFF7B828}.Debug|Any CPU.ActiveCfg = Debug|Any CPU
		{003DC556-D1A2-45B8-994A-47C8AFF7B828}.Debug|Any CPU.Build.0 = Debug|Any CPU
		{003DC556-D1A2-45B8-994A-47C8AFF7B828}.Release|Any CPU.ActiveCfg = Release|Any CPU
		{003DC556-D1A2-45B8-994A-47C8AFF7B828}.Release|Any CPU.Build.0 = Release|Any CPU
	EndGlobalSection
	GlobalSection(SolutionProperties) = preSolution
		HideSolutionNode = FALSE
	EndGlobalSection
	GlobalSection(ExtensibilityGlobals) = postSolution
		SolutionGuid = {90523D47-7528-4C99-A02E-50C991ADD633}
	EndGlobalSection
EndGlobal
